
Microsoft Visual Studio Solution File, Format Version 12.00
Project("{FAE04EC0-301F-11D3-BF4B-00C04F79EFBC}") = "WebApplication", "WebApplication\WebApplication.csproj", "{44332094-AE80-4BC7-877B-D7922DE93910}"
EndProject
Project("{FAE04EC0-301F-11D3-BF4B-00C04F79EFBC}") = "WebApi", "WebApi\WebApi.csproj", "{39ECF48F-AAD9-4E17-82CB-4D748A5CDCB8}"
EndProject
Project("{FAE04EC0-301F-11D3-BF4B-00C04F79EFBC}") = "Models", "Models\Models.csproj", "{134DB99A-DC9C-45A1-9A67-73DB797FF723}"
EndProject
Global
	GlobalSection(SolutionConfigurationPlatforms) = preSolution
		Debug|Any CPU = Debug|Any CPU
		Release|Any CPU = Release|Any CPU
	EndGlobalSection
	GlobalSection(ProjectConfigurationPlatforms) = postSolution
		{44332094-AE80-4BC7-877B-D7922DE93910}.Debug|Any CPU.ActiveCfg = Debug|Any CPU
		{44332094-AE80-4BC7-877B-D7922DE93910}.Debug|Any CPU.Build.0 = Debug|Any CPU
		{44332094-AE80-4BC7-877B-D7922DE93910}.Release|Any CPU.ActiveCfg = Release|Any CPU
		{44332094-AE80-4BC7-877B-D7922DE93910}.Release|Any CPU.Build.0 = Release|Any CPU
		{39ECF48F-AAD9-4E17-82CB-4D748A5CDCB8}.Debug|Any CPU.ActiveCfg = Debug|Any CPU
		{39ECF48F-AAD9-4E17-82CB-4D748A5CDCB8}.Debug|Any CPU.Build.0 = Debug|Any CPU
		{39ECF48F-AAD9-4E17-82CB-4D748A5CDCB8}.Release|Any CPU.ActiveCfg = Release|Any CPU
		{39ECF48F-AAD9-4E17-82CB-4D748A5CDCB8}.Release|Any CPU.Build.0 = Release|Any CPU
		{134DB99A-DC9C-45A1-9A67-73DB797FF723}.Debug|Any CPU.ActiveCfg = Debug|Any CPU
		{134DB99A-DC9C-45A1-9A67-73DB797FF723}.Debug|Any CPU.Build.0 = Debug|Any CPU
		{134DB99A-DC9C-45A1-9A67-73DB797FF723}.Release|Any CPU.ActiveCfg = Release|Any CPU
		{134DB99A-DC9C-45A1-9A67-73DB797FF723}.Release|Any CPU.Build.0 = Release|Any CPU
	EndGlobalSection
EndGlobal
